
Microsoft Visual Studio Solution File, Format Version 12.00
# Visual Studio Version 16
VisualStudioVersion = 16.0.28729.10
MinimumVisualStudioVersion = 10.0.40219.1
Project("{9A19103F-16F7-4668-BE54-9A1E7A4F7556}") = "SOLID", "SOLID\SOLID.csproj", "{888B9490-9021-48A4-B983-21BD3B86F58A}"
EndProject
Project("{2150E333-8FDC-42A3-9474-1A3956D46DE8}") = "Creational", "Creational", "{8D29DBF4-8D52-465F-AE3B-599A5AD432C5}"
EndProject
Project("{2150E333-8FDC-42A3-9474-1A3956D46DE8}") = "Structural", "Structural", "{D6803680-ADD5-42AA-A1C5-2DC03F2A5935}"
EndProject
Project("{2150E333-8FDC-42A3-9474-1A3956D46DE8}") = "Behavioral", "Behavioral", "{303D6DF0-E2E0-4692-B4D0-119C80DC2A90}"
EndProject
Project("{9A19103F-16F7-4668-BE54-9A1E7A4F7556}") = "Builder", "Builder\Builder.csproj", "{18D34823-CB92-4D13-923F-204A1D7C908F}"
EndProject
Project("{9A19103F-16F7-4668-BE54-9A1E7A4F7556}") = "Factory", "Factory\Factory.csproj", "{0A33F34A-C891-4710-BAEF-5B426773AD82}"
EndProject
Project("{9A19103F-16F7-4668-BE54-9A1E7A4F7556}") = "Prototype", "Prototype\Prototype.csproj", "{D627D894-7D17-4E30-8445-7B4365054FBD}"
EndProject
Project("{9A19103F-16F7-4668-BE54-9A1E7A4F7556}") = "Singleton", "Singleton\Singleton.csproj", "{62093BE5-A339-4DA7-A57A-AC92DEBBC623}"
EndProject
Project("{9A19103F-16F7-4668-BE54-9A1E7A4F7556}") = "Adapter", "Adapter\Adapter.csproj", "{22D754E8-33A1-4540-A93E-E9581A5DBE52}"
EndProject
Project("{9A19103F-16F7-4668-BE54-9A1E7A4F7556}") = "Bridge", "Bridge\Bridge.csproj", "{749A7517-F83A-4798-BA55-98F06FD30EA2}"
EndProject
Project("{9A19103F-16F7-4668-BE54-9A1E7A4F7556}") = "Composite", "Composite\Composite.csproj", "{845C42D3-7AA7-4972-BFB6-EBF34C81A546}"
EndProject
Project("{9A19103F-16F7-4668-BE54-9A1E7A4F7556}") = "Decorator", "Decorator\Decorator.csproj", "{01CFC0B4-0E76-4C69-9D9D-FF8A8FAF0276}"
EndProject
Project("{9A19103F-16F7-4668-BE54-9A1E7A4F7556}") = "Facade", "Facade\Facade.csproj", "{9CC5BCBC-24C5-41FE-B47A-6254DA4C5A84}"
EndProject
Project("{9A19103F-16F7-4668-BE54-9A1E7A4F7556}") = "Flyweight", "Flyweight\Flyweight.csproj", "{69FE4D01-881E-48C1-AA77-F971EE77592B}"
EndProject
Project("{9A19103F-16F7-4668-BE54-9A1E7A4F7556}") = "Proxy", "Proxy\Proxy.csproj", "{68F332C6-99CB-4727-9994-8040D6A88DC5}"
EndProject
Project("{9A19103F-16F7-4668-BE54-9A1E7A4F7556}") = "ChainOfResponsibility", "ChainOfResponsibility\ChainOfResponsibility.csproj", "{45C98A28-ADE7-48E2-A7A4-B2383AC3F94A}"
EndProject
Project("{9A19103F-16F7-4668-BE54-9A1E7A4F7556}") = "Command", "Command\Command.csproj", "{449E9FB1-236D-4CE4-BB15-28FEB525247F}"
EndProject
Project("{9A19103F-16F7-4668-BE54-9A1E7A4F7556}") = "Interpreter", "Interpreter\Interpreter.csproj", "{B642D338-F698-430A-AB68-C5D37958E412}"
EndProject
Project("{9A19103F-16F7-4668-BE54-9A1E7A4F7556}") = "Iterator", "Iterator\Iterator.csproj", "{5B529DD0-4848-4596-BBCA-6AC324A953E1}"
EndProject
Project("{9A19103F-16F7-4668-BE54-9A1E7A4F7556}") = "Mediator", "Mediator\Mediator.csproj", "{A05BCD34-472A-4A7E-B59B-2200CB12379C}"
EndProject
Project("{9A19103F-16F7-4668-BE54-9A1E7A4F7556}") = "Memento", "Memento\Memento.csproj", "{54BA1703-20AF-4FAD-83F4-38F9380B7F2B}"
EndProject
Project("{9A19103F-16F7-4668-BE54-9A1E7A4F7556}") = "NullObject", "NullObject\NullObject.csproj", "{AFC0B50D-E0B9-405A-B532-7C6E2FCCE2D4}"
EndProject
Project("{9A19103F-16F7-4668-BE54-9A1E7A4F7556}") = "TemplateMethod", "TemplateMethod\TemplateMethod.csproj", "{68358E78-C891-46CE-BFF1-B822CFEDA41F}"
EndProject
Project("{9A19103F-16F7-4668-BE54-9A1E7A4F7556}") = "Observer", "Observer\Observer.csproj", "{2815EED4-8D80-4F11-AF2A-6F2F4B21675A}"
EndProject
Project("{9A19103F-16F7-4668-BE54-9A1E7A4F7556}") = "Strategy", "Strategy\Strategy.csproj", "{BC36B926-50B6-44DA-8E34-85079EBAD73C}"
EndProject
Project("{FAE04EC0-301F-11D3-BF4B-00C04F79EFBC}") = "State", "State\State.csproj", "{64EA6286-C165-4813-916E-69E48B38D5EF}"
EndProject
Global
	GlobalSection(SolutionConfigurationPlatforms) = preSolution
		Debug|Any CPU = Debug|Any CPU
		Release|Any CPU = Release|Any CPU
	EndGlobalSection
	GlobalSection(ProjectConfigurationPlatforms) = postSolution
		{888B9490-9021-48A4-B983-21BD3B86F58A}.Debug|Any CPU.ActiveCfg = Debug|Any CPU
		{888B9490-9021-48A4-B983-21BD3B86F58A}.Debug|Any CPU.Build.0 = Debug|Any CPU
		{888B9490-9021-48A4-B983-21BD3B86F58A}.Release|Any CPU.ActiveCfg = Release|Any CPU
		{888B9490-9021-48A4-B983-21BD3B86F58A}.Release|Any CPU.Build.0 = Release|Any CPU
		{18D34823-CB92-4D13-923F-204A1D7C908F}.Debug|Any CPU.ActiveCfg = Debug|Any CPU
		{18D34823-CB92-4D13-923F-204A1D7C908F}.Debug|Any CPU.Build.0 = Debug|Any CPU
		{18D34823-CB92-4D13-923F-204A1D7C908F}.Release|Any CPU.ActiveCfg = Release|Any CPU
		{18D34823-CB92-4D13-923F-204A1D7C908F}.Release|Any CPU.Build.0 = Release|Any CPU
		{0A33F34A-C891-4710-BAEF-5B426773AD82}.Debug|Any CPU.ActiveCfg = Debug|Any CPU
		{0A33F34A-C891-4710-BAEF-5B426773AD82}.Debug|Any CPU.Build.0 = Debug|Any CPU
		{0A33F34A-C891-4710-BAEF-5B426773AD82}.Release|Any CPU.ActiveCfg = Release|Any CPU
		{0A33F34A-C891-4710-BAEF-5B426773AD82}.Release|Any CPU.Build.0 = Release|Any CPU
		{D627D894-7D17-4E30-8445-7B4365054FBD}.Debug|Any CPU.ActiveCfg = Debug|Any CPU
		{D627D894-7D17-4E30-8445-7B4365054FBD}.Debug|Any CPU.Build.0 = Debug|Any CPU
		{D627D894-7D17-4E30-8445-7B4365054FBD}.Release|Any CPU.ActiveCfg = Release|Any CPU
		{D627D894-7D17-4E30-8445-7B4365054FBD}.Release|Any CPU.Build.0 = Release|Any CPU
		{62093BE5-A339-4DA7-A57A-AC92DEBBC623}.Debug|Any CPU.ActiveCfg = Debug|Any CPU
		{62093BE5-A339-4DA7-A57A-AC92DEBBC623}.Debug|Any CPU.Build.0 = Debug|Any CPU
		{62093BE5-A339-4DA7-A57A-AC92DEBBC623}.Release|Any CPU.ActiveCfg = Release|Any CPU
		{62093BE5-A339-4DA7-A57A-AC92DEBBC623}.Release|Any CPU.Build.0 = Release|Any CPU
		{22D754E8-33A1-4540-A93E-E9581A5DBE52}.Debug|Any CPU.ActiveCfg = Debug|Any CPU
		{22D754E8-33A1-4540-A93E-E9581A5DBE52}.Debug|Any CPU.Build.0 = Debug|Any CPU
		{22D754E8-33A1-4540-A93E-E9581A5DBE52}.Release|Any CPU.ActiveCfg = Release|Any CPU
		{22D754E8-33A1-4540-A93E-E9581A5DBE52}.Release|Any CPU.Build.0 = Release|Any CPU
		{749A7517-F83A-4798-BA55-98F06FD30EA2}.Debug|Any CPU.ActiveCfg = Debug|Any CPU
		{749A7517-F83A-4798-BA55-98F06FD30EA2}.Debug|Any CPU.Build.0 = Debug|Any CPU
		{749A7517-F83A-4798-BA55-98F06FD30EA2}.Release|Any CPU.ActiveCfg = Release|Any CPU
		{749A7517-F83A-4798-BA55-98F06FD30EA2}.Release|Any CPU.Build.0 = Release|Any CPU
		{845C42D3-7AA7-4972-BFB6-EBF34C81A546}.Debug|Any CPU.ActiveCfg = Debug|Any CPU
		{845C42D3-7AA7-4972-BFB6-EBF34C81A546}.Debug|Any CPU.Build.0 = Debug|Any CPU
		{845C42D3-7AA7-4972-BFB6-EBF34C81A546}.Release|Any CPU.ActiveCfg = Release|Any CPU
		{845C42D3-7AA7-4972-BFB6-EBF34C81A546}.Release|Any CPU.Build.0 = Release|Any CPU
		{01CFC0B4-0E76-4C69-9D9D-FF8A8FAF0276}.Debug|Any CPU.ActiveCfg = Debug|Any CPU
		{01CFC0B4-0E76-4C69-9D9D-FF8A8FAF0276}.Debug|Any CPU.Build.0 = Debug|Any CPU
		{01CFC0B4-0E76-4C69-9D9D-FF8A8FAF0276}.Release|Any CPU.ActiveCfg = Release|Any CPU
		{01CFC0B4-0E76-4C69-9D9D-FF8A8FAF0276}.Release|Any CPU.Build.0 = Release|Any CPU
		{9CC5BCBC-24C5-41FE-B47A-6254DA4C5A84}.Debug|Any CPU.ActiveCfg = Debug|Any CPU
		{9CC5BCBC-24C5-41FE-B47A-6254DA4C5A84}.Debug|Any CPU.Build.0 = Debug|Any CPU
		{9CC5BCBC-24C5-41FE-B47A-6254DA4C5A84}.Release|Any CPU.ActiveCfg = Release|Any CPU
		{9CC5BCBC-24C5-41FE-B47A-6254DA4C5A84}.Release|Any CPU.Build.0 = Release|Any CPU
		{69FE4D01-881E-48C1-AA77-F971EE77592B}.Debug|Any CPU.ActiveCfg = Debug|Any CPU
		{69FE4D01-881E-48C1-AA77-F971EE77592B}.Debug|Any CPU.Build.0 = Debug|Any CPU
		{69FE4D01-881E-48C1-AA77-F971EE77592B}.Release|Any CPU.ActiveCfg = Release|Any CPU
		{69FE4D01-881E-48C1-AA77-F971EE77592B}.Release|Any CPU.Build.0 = Release|Any CPU
		{68F332C6-99CB-4727-9994-8040D6A88DC5}.Debug|Any CPU.ActiveCfg = Debug|Any CPU
		{68F332C6-99CB-4727-9994-8040D6A88DC5}.Debug|Any CPU.Build.0 = Debug|Any CPU
		{68F332C6-99CB-4727-9994-8040D6A88DC5}.Release|Any CPU.ActiveCfg = Release|Any CPU
		{68F332C6-99CB-4727-9994-8040D6A88DC5}.Release|Any CPU.Build.0 = Release|Any CPU
		{45C98A28-ADE7-48E2-A7A4-B2383AC3F94A}.Debug|Any CPU.ActiveCfg = Debug|Any CPU
		{45C98A28-ADE7-48E2-A7A4-B2383AC3F94A}.Debug|Any CPU.Build.0 = Debug|Any CPU
		{45C98A28-ADE7-48E2-A7A4-B2383AC3F94A}.Release|Any CPU.ActiveCfg = Release|Any CPU
		{45C98A28-ADE7-48E2-A7A4-B2383AC3F94A}.Release|Any CPU.Build.0 = Release|Any CPU
		{449E9FB1-236D-4CE4-BB15-28FEB525247F}.Debug|Any CPU.ActiveCfg = Debug|Any CPU
		{449E9FB1-236D-4CE4-BB15-28FEB525247F}.Debug|Any CPU.Build.0 = Debug|Any CPU
		{449E9FB1-236D-4CE4-BB15-28FEB525247F}.Release|Any CPU.ActiveCfg = Release|Any CPU
		{449E9FB1-236D-4CE4-BB15-28FEB525247F}.Release|Any CPU.Build.0 = Release|Any CPU
		{B642D338-F698-430A-AB68-C5D37958E412}.Debug|Any CPU.ActiveCfg = Debug|Any CPU
		{B642D338-F698-430A-AB68-C5D37958E412}.Debug|Any CPU.Build.0 = Debug|Any CPU
		{B642D338-F698-430A-AB68-C5D37958E412}.Release|Any CPU.ActiveCfg = Release|Any CPU
		{B642D338-F698-430A-AB68-C5D37958E412}.Release|Any CPU.Build.0 = Release|Any CPU
		{5B529DD0-4848-4596-BBCA-6AC324A953E1}.Debug|Any CPU.ActiveCfg = Debug|Any CPU
		{5B529DD0-4848-4596-BBCA-6AC324A953E1}.Debug|Any CPU.Build.0 = Debug|Any CPU
		{5B529DD0-4848-4596-BBCA-6AC324A953E1}.Release|Any CPU.ActiveCfg = Release|Any CPU
		{5B529DD0-4848-4596-BBCA-6AC324A953E1}.Release|Any CPU.Build.0 = Release|Any CPU
		{A05BCD34-472A-4A7E-B59B-2200CB12379C}.Debug|Any CPU.ActiveCfg = Debug|Any CPU
		{A05BCD34-472A-4A7E-B59B-2200CB12379C}.Debug|Any CPU.Build.0 = Debug|Any CPU
		{A05BCD34-472A-4A7E-B59B-2200CB12379C}.Release|Any CPU.ActiveCfg = Release|Any CPU
		{A05BCD34-472A-4A7E-B59B-2200CB12379C}.Release|Any CPU.Build.0 = Release|Any CPU
		{54BA1703-20AF-4FAD-83F4-38F9380B7F2B}.Debug|Any CPU.ActiveCfg = Debug|Any CPU
		{54BA1703-20AF-4FAD-83F4-38F9380B7F2B}.Debug|Any CPU.Build.0 = Debug|Any CPU
		{54BA1703-20AF-4FAD-83F4-38F9380B7F2B}.Release|Any CPU.ActiveCfg = Release|Any CPU
		{54BA1703-20AF-4FAD-83F4-38F9380B7F2B}.Release|Any CPU.Build.0 = Release|Any CPU
		{AFC0B50D-E0B9-405A-B532-7C6E2FCCE2D4}.Debug|Any CPU.ActiveCfg = Debug|Any CPU
		{AFC0B50D-E0B9-405A-B532-7C6E2FCCE2D4}.Debug|Any CPU.Build.0 = Debug|Any CPU
		{AFC0B50D-E0B9-405A-B532-7C6E2FCCE2D4}.Release|Any CPU.ActiveCfg = Release|Any CPU
		{AFC0B50D-E0B9-405A-B532-7C6E2FCCE2D4}.Release|Any CPU.Build.0 = Release|Any CPU
		{68358E78-C891-46CE-BFF1-B822CFEDA41F}.Debug|Any CPU.ActiveCfg = Debug|Any CPU
		{68358E78-C891-46CE-BFF1-B822CFEDA41F}.Debug|Any CPU.Build.0 = Debug|Any CPU
		{68358E78-C891-46CE-BFF1-B822CFEDA41F}.Release|Any CPU.ActiveCfg = Release|Any CPU
		{68358E78-C891-46CE-BFF1-B822CFEDA41F}.Release|Any CPU.Build.0 = Release|Any CPU
		{2815EED4-8D80-4F11-AF2A-6F2F4B21675A}.Debug|Any CPU.ActiveCfg = Debug|Any CPU
		{2815EED4-8D80-4F11-AF2A-6F2F4B21675A}.Debug|Any CPU.Build.0 = Debug|Any CPU
		{2815EED4-8D80-4F11-AF2A-6F2F4B21675A}.Release|Any CPU.ActiveCfg = Release|Any CPU
		{2815EED4-8D80-4F11-AF2A-6F2F4B21675A}.Release|Any CPU.Build.0 = Release|Any CPU
		{BC36B926-50B6-44DA-8E34-85079EBAD73C}.Debug|Any CPU.ActiveCfg = Debug|Any CPU
		{BC36B926-50B6-44DA-8E34-85079EBAD73C}.Debug|Any CPU.Build.0 = Debug|Any CPU
		{BC36B926-50B6-44DA-8E34-85079EBAD73C}.Release|Any CPU.ActiveCfg = Release|Any CPU
		{BC36B926-50B6-44DA-8E34-85079EBAD73C}.Release|Any CPU.Build.0 = Release|Any CPU
		{64EA6286-C165-4813-916E-69E48B38D5EF}.Debug|Any CPU.ActiveCfg = Debug|Any CPU
		{64EA6286-C165-4813-916E-69E48B38D5EF}.Debug|Any CPU.Build.0 = Debug|Any CPU
		{64EA6286-C165-4813-916E-69E48B38D5EF}.Release|Any CPU.ActiveCfg = Release|Any CPU
		{64EA6286-C165-4813-916E-69E48B38D5EF}.Release|Any CPU.Build.0 = Release|Any CPU
	EndGlobalSection
	GlobalSection(SolutionProperties) = preSolution
		HideSolutionNode = FALSE
	EndGlobalSection
	GlobalSection(NestedProjects) = preSolution
		{18D34823-CB92-4D13-923F-204A1D7C908F} = {8D29DBF4-8D52-465F-AE3B-599A5AD432C5}
		{0A33F34A-C891-4710-BAEF-5B426773AD82} = {8D29DBF4-8D52-465F-AE3B-599A5AD432C5}
		{D627D894-7D17-4E30-8445-7B4365054FBD} = {8D29DBF4-8D52-465F-AE3B-599A5AD432C5}
		{62093BE5-A339-4DA7-A57A-AC92DEBBC623} = {8D29DBF4-8D52-465F-AE3B-599A5AD432C5}
		{22D754E8-33A1-4540-A93E-E9581A5DBE52} = {D6803680-ADD5-42AA-A1C5-2DC03F2A5935}
		{749A7517-F83A-4798-BA55-98F06FD30EA2} = {D6803680-ADD5-42AA-A1C5-2DC03F2A5935}
		{845C42D3-7AA7-4972-BFB6-EBF34C81A546} = {D6803680-ADD5-42AA-A1C5-2DC03F2A5935}
		{01CFC0B4-0E76-4C69-9D9D-FF8A8FAF0276} = {D6803680-ADD5-42AA-A1C5-2DC03F2A5935}
		{9CC5BCBC-24C5-41FE-B47A-6254DA4C5A84} = {D6803680-ADD5-42AA-A1C5-2DC03F2A5935}
		{69FE4D01-881E-48C1-AA77-F971EE77592B} = {D6803680-ADD5-42AA-A1C5-2DC03F2A5935}
		{68F332C6-99CB-4727-9994-8040D6A88DC5} = {D6803680-ADD5-42AA-A1C5-2DC03F2A5935}
		{45C98A28-ADE7-48E2-A7A4-B2383AC3F94A} = {303D6DF0-E2E0-4692-B4D0-119C80DC2A90}
		{449E9FB1-236D-4CE4-BB15-28FEB525247F} = {303D6DF0-E2E0-4692-B4D0-119C80DC2A90}
		{B642D338-F698-430A-AB68-C5D37958E412} = {303D6DF0-E2E0-4692-B4D0-119C80DC2A90}
		{5B529DD0-4848-4596-BBCA-6AC324A953E1} = {303D6DF0-E2E0-4692-B4D0-119C80DC2A90}
		{A05BCD34-472A-4A7E-B59B-2200CB12379C} = {303D6DF0-E2E0-4692-B4D0-119C80DC2A90}
		{54BA1703-20AF-4FAD-83F4-38F9380B7F2B} = {303D6DF0-E2E0-4692-B4D0-119C80DC2A90}
		{AFC0B50D-E0B9-405A-B532-7C6E2FCCE2D4} = {303D6DF0-E2E0-4692-B4D0-119C80DC2A90}
		{68358E78-C891-46CE-BFF1-B822CFEDA41F} = {303D6DF0-E2E0-4692-B4D0-119C80DC2A90}
		{2815EED4-8D80-4F11-AF2A-6F2F4B21675A} = {303D6DF0-E2E0-4692-B4D0-119C80DC2A90}
		{BC36B926-50B6-44DA-8E34-85079EBAD73C} = {303D6DF0-E2E0-4692-B4D0-119C80DC2A90}
		{64EA6286-C165-4813-916E-69E48B38D5EF} = {303D6DF0-E2E0-4692-B4D0-119C80DC2A90}
	EndGlobalSection
	GlobalSection(ExtensibilityGlobals) = postSolution
		SolutionGuid = {7EEBCB45-2C5D-4007-9CA0-C5432D499AF4}
	EndGlobalSection
EndGlobal
